<?xml version="1.0" encoding="UTF-8" standalone="yes" ?>
<CodeBlocks_project_file>
	<FileVersion major="1" minor="6" />
	<Project>
		<Option title="kamera1" />
		<Option pch_mode="2" />
		<Option compiler="gcc" />
		<Build>
			<Target title="Debug">
				<Option output="bin/Debug/kamera1" prefix_auto="1" extension_auto="1" />
				<Option object_output="obj/Debug/" />
				<Option type="1" />
				<Option compiler="gcc" />
				<Compiler>
					<Add option="-g" />
				</Compiler>
			</Target>
			<Target title="Release">
				<Option output="bin/Release/kamera1" prefix_auto="1" extension_auto="1" />
				<Option object_output="obj/Release/" />
				<Option type="0" />
				<Option compiler="gcc" />
				<Compiler>
					<Add option="-O2" />
				</Compiler>
				<Linker>
					<Add option="-s" />
				</Linker>
			</Target>
		</Build>
		<Compiler>
			<Add option="-Wall" />
			<Add option="`sdl-config --cflags`" />
		</Compiler>
		<Linker>
			<Add option="-lmingw32" />
			<Add option="`sdl-config --libs`" />
			<Add option="-lSDLmain" />
			<Add option="-lSDL" />
			<Add option="-lm -lSDL_image -lSDL_ttf" />
			<Add option="-mwindows" />
		</Linker>
		<Unit filename="config.h" />
		<Unit filename="d2.cpp" />
		<Unit filename="d2.h" />
		<Unit filename="d3.cpp" />
		<Unit filename="d3.h" />
		<Unit filename="gui.cpp" />
		<Unit filename="gui.h" />
		<Unit filename="kamera.cpp" />
		<Unit filename="kamera.h" />
		<Unit filename="kwaterniony.cpp" />
		<Unit filename="kwaterniony.h" />
		<Unit filename="macierze.cpp" />
		<Unit filename="macierze.h" />
		<Unit filename="main.cpp" />
		<Unit filename="scena.h" />
		<Unit filename="sdl_plus.cpp" />
		<Unit filename="sdl_plus.h" />
		<Extensions>
			<envvars />
			<code_completion />
			<debugger />
			<lib_finder disable_auto="1" />
		</Extensions>
	</Project>
</CodeBlocks_project_file>
